{
  "name": "db",
  "version": "0.0.1",
  "lockfileVersion": 2,
  "requires": true,
  "packages": {
    "": {
      "name": "db",
      "version": "0.0.1",
      "license": "ISC",
      "devDependencies": {
        "@prisma/client": "^3.11.1",
        "@types/node": "^17.0.23",
        "prisma": "^3.11.1"
      }
    },
    "node_modules/@prisma/client": {
      "version": "3.11.1",
      "resolved": "https://registry.npmjs.org/@prisma/client/-/client-3.11.1.tgz",
      "integrity": "sha512-B3C7zQG4HbjJzUr2Zg9UVkBJutbqq9/uqkl1S138+keZCubJrwizx3RuIvGwI+s+pm3qbsyNqXiZgL3Ir0fSng==",
      "dev": true,
      "hasInstallScript": true,
      "dependencies": {
        "@prisma/engines-version": "3.11.1-1.1a2506facaf1a4727b7c26850735e88ec779dee9"
      },
      "engines": {
        "node": ">=12.6"
      },
      "peerDependencies": {
        "prisma": "*"
      },
      "peerDependenciesMeta": {
        "prisma": {
          "optional": true
        }
      }
    },
    "node_modules/@prisma/engines": {
      "version": "3.11.1-1.1a2506facaf1a4727b7c26850735e88ec779dee9",
      "resolved": "https://registry.npmjs.org/@prisma/engines/-/engines-3.11.1-1.1a2506facaf1a4727b7c26850735e88ec779dee9.tgz",
      "integrity": "sha512-MILbsGnvmnhCbFGa2/iSnsyGyazU3afzD7ldjCIeLIGKkNBMSZgA2IvpYsAXl+6qFHKGrS3B2otKfV31dwMSQw==",
      "dev": true,
      "hasInstallScript": true
    },
    "node_modules/@prisma/engines-version": {
      "version": "3.11.1-1.1a2506facaf1a4727b7c26850735e88ec779dee9",
      "resolved": "https://registry.npmjs.org/@prisma/engines-version/-/engines-version-3.11.1-1.1a2506facaf1a4727b7c26850735e88ec779dee9.tgz",
      "integrity": "sha512-HkcsDniA4iNb/gi0iuyOJNAM7nD/LwQ0uJm15v360O5dee3TM4lWdSQiTYBMK6FF68ACUItmzSur7oYuUZ2zkQ==",
      "dev": true
    },
    "node_modules/@types/node": {
      "version": "17.0.23",
      "resolved": "https://registry.npmjs.org/@types/node/-/node-17.0.23.tgz",
      "integrity": "sha512-UxDxWn7dl97rKVeVS61vErvw086aCYhDLyvRQZ5Rk65rZKepaFdm53GeqXaKBuOhED4e9uWq34IC3TdSdJJ2Gw==",
      "dev": true
    },
    "node_modules/prisma": {
      "version": "3.11.1",
      "resolved": "https://registry.npmjs.org/prisma/-/prisma-3.11.1.tgz",
      "integrity": "sha512-aYn8bQwt1xwR2oSsVNHT4PXU7EhsThIwmpNB/MNUaaMx5OPLTro6VdNJe/sJssXFLxhamfWeMjwmpXjljo6xkg==",
      "dev": true,
      "hasInstallScript": true,
      "dependencies": {
        "@prisma/engines": "3.11.1-1.1a2506facaf1a4727b7c26850735e88ec779dee9"
      },
      "bin": {
        "prisma": "build/index.js",
        "prisma2": "build/index.js"
      },
      "engines": {
        "node": ">=12.6"
      }
    }
  },
  "dependencies": {
    "@prisma/client": {
      "version": "3.11.1",
      "resolved": "https://registry.npmjs.org/@prisma/client/-/client-3.11.1.tgz",
      "integrity": "sha512-B3C7zQG4HbjJzUr2Zg9UVkBJutbqq9/uqkl1S138+keZCubJrwizx3RuIvGwI+s+pm3qbsyNqXiZgL3Ir0fSng==",
      "dev": true,
      "requires": {
        "@prisma/engines-version": "3.11.1-1.1a2506facaf1a4727b7c26850735e88ec779dee9"
      }
    },
    "@prisma/engines": {
      "version": "3.11.1-1.1a2506facaf1a4727b7c26850735e88ec779dee9",
      "resolved": "https://registry.npmjs.org/@prisma/engines/-/engines-3.11.1-1.1a2506facaf1a4727b7c26850735e88ec779dee9.tgz",
      "integrity": "sha512-MILbsGnvmnhCbFGa2/iSnsyGyazU3afzD7ldjCIeLIGKkNBMSZgA2IvpYsAXl+6qFHKGrS3B2otKfV31dwMSQw==",
      "dev": true
    },
    "@prisma/engines-version": {
      "version": "3.11.1-1.1a2506facaf1a4727b7c26850735e88ec779dee9",
      "resolved": "https://registry.npmjs.org/@prisma/engines-version/-/engines-version-3.11.1-1.1a2506facaf1a4727b7c26850735e88ec779dee9.tgz",
      "integrity": "sha512-HkcsDniA4iNb/gi0iuyOJNAM7nD/LwQ0uJm15v360O5dee3TM4lWdSQiTYBMK6FF68ACUItmzSur7oYuUZ2zkQ==",
      "dev": true
    },
    "@types/node": {
      "version": "17.0.23",
      "resolved": "https://registry.npmjs.org/@types/node/-/node-17.0.23.tgz",
      "integrity": "sha512-UxDxWn7dl97rKVeVS61vErvw086aCYhDLyvRQZ5Rk65rZKepaFdm53GeqXaKBuOhED4e9uWq34IC3TdSdJJ2Gw==",
      "dev": true
    },
    "prisma": {
      "version": "3.11.1",
      "resolved": "https://registry.npmjs.org/prisma/-/prisma-3.11.1.tgz",
      "integrity": "sha512-aYn8bQwt1xwR2oSsVNHT4PXU7EhsThIwmpNB/MNUaaMx5OPLTro6VdNJe/sJssXFLxhamfWeMjwmpXjljo6xkg==",
      "dev": true,
      "requires": {
        "@prisma/engines": "3.11.1-1.1a2506facaf1a4727b7c26850735e88ec779dee9"
      }
    }
  }
}
